// !$*UTF8*$!
{
	archiveVersion = 1;
	classes = {
	};
	objectVersion = 46;
	objects = {

/* Begin PBXBuildFile section */
		881046DE1C40647F00B0E955 /* AppDelegate.swift in Sources */ = {isa = PBXBuildFile; fileRef = 881046DD1C40647F00B0E955 /* AppDelegate.swift */; };
		881046E01C40647F00B0E955 /* ViewController.swift in Sources */ = {isa = PBXBuildFile; fileRef = 881046DF1C40647F00B0E955 /* ViewController.swift */; };
		881046E31C40647F00B0E955 /* Main.storyboard in Resources */ = {isa = PBXBuildFile; fileRef = 881046E11C40647F00B0E955 /* Main.storyboard */; };
		881046E61C40647F00B0E955 /* Beeline_Shopping.xcdatamodeld in Sources */ = {isa = PBXBuildFile; fileRef = 881046E41C40647F00B0E955 /* Beeline_Shopping.xcdatamodeld */; };
		881046E81C40647F00B0E955 /* Assets.xcassets in Resources */ = {isa = PBXBuildFile; fileRef = 881046E71C40647F00B0E955 /* Assets.xcassets */; };
		881046EB1C40647F00B0E955 /* LaunchScreen.storyboard in Resources */ = {isa = PBXBuildFile; fileRef = 881046E91C40647F00B0E955 /* LaunchScreen.storyboard */; };
		881046F61C40647F00B0E955 /* Beeline_ShoppingTests.swift in Sources */ = {isa = PBXBuildFile; fileRef = 881046F51C40647F00B0E955 /* Beeline_ShoppingTests.swift */; };
		881047011C40647F00B0E955 /* Beeline_ShoppingUITests.swift in Sources */ = {isa = PBXBuildFile; fileRef = 881047001C40647F00B0E955 /* Beeline_ShoppingUITests.swift */; };
/* End PBXBuildFile section */

/* Begin PBXContainerItemProxy section */
		881046F21C40647F00B0E955 /* PBXContainerItemProxy */ = {
			isa = PBXContainerItemProxy;
			containerPortal = 881046D21C40647F00B0E955 /* Project object */;
			proxyType = 1;
			remoteGlobalIDString = 881046D91C40647F00B0E955;
			remoteInfo = "Beeline Shopping";
		};
		881046FD1C40647F00B0E955 /* PBXContainerItemProxy */ = {
			isa = PBXContainerItemProxy;
			containerPortal = 881046D21C40647F00B0E955 /* Project object */;
			proxyType = 1;
			remoteGlobalIDString = 881046D91C40647F00B0E955;
			remoteInfo = "Beeline Shopping";
		};
/* End PBXContainerItemProxy section */

/* Begin PBXFileReference section */
		881046DA1C40647F00B0E955 /* Beeline Shopping.app */ = {isa = PBXFileReference; explicitFileType = wrapper.application; includeInIndex = 0; path = "Beeline Shopping.app"; sourceTree = BUILT_PRODUCTS_DIR; };
		881046DD1C40647F00B0E955 /* AppDelegate.swift */ = {isa = PBXFileReference; lastKnownFileType = sourcecode.swift; path = AppDelegate.swift; sourceTree = "<group>"; };
		881046DF1C40647F00B0E955 /* ViewController.swift */ = {isa = PBXFileReference; lastKnownFileType = sourcecode.swift; path = ViewController.swift; sourceTree = "<group>"; };
		881046E21C40647F00B0E955 /* Base */ = {isa = PBXFileReference; lastKnownFileType = file.storyboard; name = Base; path = Base.lproj/Main.storyboard; sourceTree = "<group>"; };
		881046E51C40647F00B0E955 /* Beeline_Shopping.xcdatamodel */ = {isa = PBXFileReference; lastKnownFileType = wrapper.xcdatamodel; path = Beeline_Shopping.xcdatamodel; sourceTree = "<group>"; };
		881046E71C40647F00B0E955 /* Assets.xcassets */ = {isa = PBXFileReference; lastKnownFileType = folder.assetcatalog; path = Assets.xcassets; sourceTree = "<group>"; };
		881046EA1C40647F00B0E955 /* Base */ = {isa = PBXFileReference; lastKnownFileType = file.storyboard; name = Base; path = Base.lproj/LaunchScreen.storyboard; sourceTree = "<group>"; };
		881046EC1C40647F00B0E955 /* Info.plist */ = {isa = PBXFileReference; lastKnownFileType = text.plist.xml; path = Info.plist; sourceTree = "<group>"; };
		881046F11C40647F00B0E955 /* Beeline ShoppingTests.xctest */ = {isa = PBXFileReference; explicitFileType = wrapper.cfbundle; includeInIndex = 0; path = "Beeline ShoppingTests.xctest"; sourceTree = BUILT_PRODUCTS_DIR; };
		881046F51C40647F00B0E955 /* Beeline_ShoppingTests.swift */ = {isa = PBXFileReference; lastKnownFileType = sourcecode.swift; path = Beeline_ShoppingTests.swift; sourceTree = "<group>"; };
		881046F71C40647F00B0E955 /* Info.plist */ = {isa = PBXFileReference; lastKnownFileType = text.plist.xml; path = Info.plist; sourceTree = "<group>"; };
		881046FC1C40647F00B0E955 /* Beeline ShoppingUITests.xctest */ = {isa = PBXFileReference; explicitFileType = wrapper.cfbundle; includeInIndex = 0; path = "Beeline ShoppingUITests.xctest"; sourceTree = BUILT_PRODUCTS_DIR; };
		881047001C40647F00B0E955 /* Beeline_ShoppingUITests.swift */ = {isa = PBXFileReference; lastKnownFileType = sourcecode.swift; path = Beeline_ShoppingUITests.swift; sourceTree = "<group>"; };
		881047021C40647F00B0E955 /* Info.plist */ = {isa = PBXFileReference; lastKnownFileType = text.plist.xml; path = Info.plist; sourceTree = "<group>"; };
/* End PBXFileReference section */

/* Begin PBXFrameworksBuildPhase section */
		881046D71C40647F00B0E955 /* Frameworks */ = {
			isa = PBXFrameworksBuildPhase;
			buildActionMask = 2147483647;
			files = (
			);
			runOnlyForDeploymentPostprocessing = 0;
		};
		881046EE1C40647F00B0E955 /* Frameworks */ = {
			isa = PBXFrameworksBuildPhase;
			buildActionMask = 2147483647;
			files = (
			);
			runOnlyForDeploymentPostprocessing = 0;
		};
		881046F91C40647F00B0E955 /* Frameworks */ = {
			isa = PBXFrameworksBuildPhase;
			buildActionMask = 2147483647;
			files = (
			);
			runOnlyForDeploymentPostprocessing = 0;
		};
/* End PBXFrameworksBuildPhase section */

/* Begin PBXGroup section */
		881046D11C40647F00B0E955 = {
			isa = PBXGroup;
			children = (
				881046DC1C40647F00B0E955 /* Beeline Shopping */,
				881046F41C40647F00B0E955 /* Beeline ShoppingTests */,
				881046FF1C40647F00B0E955 /* Beeline ShoppingUITests */,
				881046DB1C40647F00B0E955 /* Products */,
			);
			sourceTree = "<group>";
		};
		881046DB1C40647F00B0E955 /* Products */ = {
			isa = PBXGroup;
			children = (
				881046DA1C40647F00B0E955 /* Beeline Shopping.app */,
				881046F11C40647F00B0E955 /* Beeline ShoppingTests.xctest */,
				881046FC1C40647F00B0E955 /* Beeline ShoppingUITests.xctest */,
			);
			name = Products;
			sourceTree = "<group>";
		};
		881046DC1C40647F00B0E955 /* Beeline Shopping */ = {
			isa = PBXGroup;
			children = (
				881046DD1C40647F00B0E955 /* AppDelegate.swift */,
				881046DF1C40647F00B0E955 /* ViewController.swift */,
				881046E11C40647F00B0E955 /* Main.storyboard */,
				881046E71C40647F00B0E955 /* Assets.xcassets */,
				881046E91C40647F00B0E955 /* LaunchScreen.storyboard */,
				881046EC1C40647F00B0E955 /* Info.plist */,
				881046E41C40647F00B0E955 /* Beeline_Shopping.xcdatamodeld */,
			);
			path = "Beeline Shopping";
			sourceTree = "<group>";
		};
		881046F41C40647F00B0E955 /* Beeline ShoppingTests */ = {
			isa = PBXGroup;
			children = (
				881046F51C40647F00B0E955 /* Beeline_ShoppingTests.swift */,
				881046F71C40647F00B0E955 /* Info.plist */,
			);
			path = "Beeline ShoppingTests";
			sourceTree = "<group>";
		};
		881046FF1C40647F00B0E955 /* Beeline ShoppingUITests */ = {
			isa = PBXGroup;
			children = (
				881047001C40647F00B0E955 /* Beeline_ShoppingUITests.swift */,
				881047021C40647F00B0E955 /* Info.plist */,
			);
			path = "Beeline ShoppingUITests";
			sourceTree = "<group>";
		};
/* End PBXGroup section */

/* Begin PBXNativeTarget section */
		881046D91C40647F00B0E955 /* Beeline Shopping */ = {
			isa = PBXNativeTarget;
			buildConfigurationList = 881047051C40647F00B0E955 /* Build configuration list for PBXNativeTarget "Beeline Shopping" */;
			buildPhases = (
				881046D61C40647F00B0E955 /* Sources */,
				881046D71C40647F00B0E955 /* Frameworks */,
				881046D81C40647F00B0E955 /* Resources */,
			);
			buildRules = (
			);
			dependencies = (
			);
			name = "Beeline Shopping";
			productName = "Beeline Shopping";
			productReference = 881046DA1C40647F00B0E955 /* Beeline Shopping.app */;
			productType = "com.apple.product-type.application";
		};
		881046F01C40647F00B0E955 /* Beeline ShoppingTests */ = {
			isa = PBXNativeTarget;
			buildConfigurationList = 881047081C40647F00B0E955 /* Build configuration list for PBXNativeTarget "Beeline ShoppingTests" */;
			buildPhases = (
				881046ED1C40647F00B0E955 /* Sources */,
				881046EE1C40647F00B0E955 /* Frameworks */,
				881046EF1C40647F00B0E955 /* Resources */,
			);
			buildRules = (
			);
			dependencies = (
				881046F31C40647F00B0E955 /* PBXTargetDependency */,
			);
			name = "Beeline ShoppingTests";
			productName = "Beeline ShoppingTests";
			productReference = 881046F11C40647F00B0E955 /* Beeline ShoppingTests.xctest */;
			productType = "com.apple.product-type.bundle.unit-test";
		};
		881046FB1C40647F00B0E955 /* Beeline ShoppingUITests */ = {
			isa = PBXNativeTarget;
			buildConfigurationList = 8810470B1C40647F00B0E955 /* Build configuration list for PBXNativeTarget "Beeline ShoppingUITests" */;
			buildPhases = (
				881046F81C40647F00B0E955 /* Sources */,
				881046F91C40647F00B0E955 /* Frameworks */,
				881046FA1C40647F00B0E955 /* Resources */,
			);
			buildRules = (
			);
			dependencies = (
				881046FE1C40647F00B0E955 /* PBXTargetDependency */,
			);
			name = "Beeline ShoppingUITests";
			productName = "Beeline ShoppingUITests";
			productReference = 881046FC1C40647F00B0E955 /* Beeline ShoppingUITests.xctest */;
			productType = "com.apple.product-type.bundle.ui-testing";
		};
/* End PBXNativeTarget section */

/* Begin PBXProject section */
		881046D21C40647F00B0E955 /* Project object */ = {
			isa = PBXProject;
			attributes = {
				LastSwiftUpdateCheck = 0720;
				LastUpgradeCheck = 0720;
				ORGANIZATIONNAME = "Beeline Shopping";
				TargetAttributes = {
					881046D91C40647F00B0E955 = {
						CreatedOnToolsVersion = 7.2;
					};
					881046F01C40647F00B0E955 = {
						CreatedOnToolsVersion = 7.2;
						TestTargetID = 881046D91C40647F00B0E955;
					};
					881046FB1C40647F00B0E955 = {
						CreatedOnToolsVersion = 7.2;
						TestTargetID = 881046D91C40647F00B0E955;
					};
				};
			};
			buildConfigurationList = 881046D51C40647F00B0E955 /* Build configuration list for PBXProject "Beeline Shopping" */;
			compatibilityVersion = "Xcode 3.2";
			developmentRegion = English;
			hasScannedForEncodings = 0;
			knownRegions = (
				en,
				Base,
			);
			mainGroup = 881046D11C40647F00B0E955;
			productRefGroup = 881046DB1C40647F00B0E955 /* Products */;
			projectDirPath = "";
			projectRoot = "";
			targets = (
				881046D91C40647F00B0E955 /* Beeline Shopping */,
				881046F01C40647F00B0E955 /* Beeline ShoppingTests */,
				881046FB1C40647F00B0E955 /* Beeline ShoppingUITests */,
			);
		};
/* End PBXProject section */

/* Begin PBXResourcesBuildPhase section */
		881046D81C40647F00B0E955 /* Resources */ = {
			isa = PBXResourcesBuildPhase;
			buildActionMask = 2147483647;
			files = (
				881046EB1C40647F00B0E955 /* LaunchScreen.storyboard in Resources */,
				881046E81C40647F00B0E955 /* Assets.xcassets in Resources */,
				881046E31C40647F00B0E955 /* Main.storyboard in Resources */,
			);
			runOnlyForDeploymentPostprocessing = 0;
		};
		881046EF1C40647F00B0E955 /* Resources */ = {
			isa = PBXResourcesBuildPhase;
			buildActionMask = 2147483647;
			files = (
			);
			runOnlyForDeploymentPostprocessing = 0;
		};
		881046FA1C40647F00B0E955 /* Resources */ = {
			isa = PBXResourcesBuildPhase;
			buildActionMask = 2147483647;
			files = (
			);
			runOnlyForDeploymentPostprocessing = 0;
		};
/* End PBXResourcesBuildPhase section */

/* Begin PBXSourcesBuildPhase section */
		881046D61C40647F00B0E955 /* Sources */ = {
			isa = PBXSourcesBuildPhase;
			buildActionMask = 2147483647;
			files = (
				881046E01C40647F00B0E955 /* ViewController.swift in Sources */,
				881046E61C40647F00B0E955 /* Beeline_Shopping.xcdatamodeld in Sources */,
				881046DE1C40647F00B0E955 /* AppDelegate.swift in Sources */,
			);
			runOnlyForDeploymentPostprocessing = 0;
		};
		881046ED1C40647F00B0E955 /* Sources */ = {
			isa = PBXSourcesBuildPhase;
			buildActionMask = 2147483647;
			files = (
				881046F61C40647F00B0E955 /* Beeline_ShoppingTests.swift in Sources */,
			);
			runOnlyForDeploymentPostprocessing = 0;
		};
		881046F81C40647F00B0E955 /* Sources */ = {
			isa = PBXSourcesBuildPhase;
			buildActionMask = 2147483647;
			files = (
				881047011C40647F00B0E955 /* Beeline_ShoppingUITests.swift in Sources */,
			);
			runOnlyForDeploymentPostprocessing = 0;
		};
/* End PBXSourcesBuildPhase section */

/* Begin PBXTargetDependency section */
		881046F31C40647F00B0E955 /* PBXTargetDependency */ = {
			isa = PBXTargetDependency;
			target = 881046D91C40647F00B0E955 /* Beeline Shopping */;
			targetProxy = 881046F21C40647F00B0E955 /* PBXContainerItemProxy */;
		};
		881046FE1C40647F00B0E955 /* PBXTargetDependency */ = {
			isa = PBXTargetDependency;
			target = 881046D91C40647F00B0E955 /* Beeline Shopping */;
			targetProxy = 881046FD1C40647F00B0E955 /* PBXContainerItemProxy */;
		};
/* End PBXTargetDependency section */

/* Begin PBXVariantGroup section */
		881046E11C40647F00B0E955 /* Main.storyboard */ = {
			isa = PBXVariantGroup;
			children = (
				881046E21C40647F00B0E955 /* Base */,
			);
			name = Main.storyboard;
			sourceTree = "<group>";
		};
		881046E91C40647F00B0E955 /* LaunchScreen.storyboard */ = {
			isa = PBXVariantGroup;
			children = (
				881046EA1C40647F00B0E955 /* Base */,
			);
			name = LaunchScreen.storyboard;
			sourceTree = "<group>";
		};
/* End PBXVariantGroup section */

/* Begin XCBuildConfiguration section */
		881047031C40647F00B0E955 /* Debug */ = {
			isa = XCBuildConfiguration;
			buildSettings = {
				ALWAYS_SEARCH_USER_PATHS = NO;
				CLANG_CXX_LANGUAGE_STANDARD = "gnu++0x";
				CLANG_CXX_LIBRARY = "libc++";
				CLANG_ENABLE_MODULES = YES;
				CLANG_ENABLE_OBJC_ARC = YES;
				CLANG_WARN_BOOL_CONVERSION = YES;
				CLANG_WARN_CONSTANT_CONVERSION = YES;
				CLANG_WARN_DIRECT_OBJC_ISA_USAGE = YES_ERROR;
				CLANG_WARN_EMPTY_BODY = YES;
				CLANG_WARN_ENUM_CONVERSION = YES;
				CLANG_WARN_INT_CONVERSION = YES;
				CLANG_WARN_OBJC_ROOT_CLASS = YES_ERROR;
				CLANG_WARN_UNREACHABLE_CODE = YES;
				CLANG_WARN__DUPLICATE_METHOD_MATCH = YES;
				"CODE_SIGN_IDENTITY[sdk=iphoneos*]" = "iPhone Developer";
				COPY_PHASE_STRIP = NO;
				DEBUG_INFORMATION_FORMAT = dwarf;
				ENABLE_STRICT_OBJC_MSGSEND = YES;
				ENABLE_TESTABILITY = YES;
				GCC_C_LANGUAGE_STANDARD = gnu99;
				GCC_DYNAMIC_NO_PIC = NO;
				GCC_NO_COMMON_BLOCKS = YES;
				GCC_OPTIMIZATION_LEVEL = 0;
				GCC_PREPROCESSOR_DEFINITIONS = (
					"DEBUG=1",
					"$(inherited)",
				);
				GCC_WARN_64_TO_32_BIT_CONVERSION = YES;
				GCC_WARN_ABOUT_RETURN_TYPE = YES_ERROR;
				GCC_WARN_UNDECLARED_SELECTOR = YES;
				GCC_WARN_UNINITIALIZED_AUTOS = YES_AGGRESSIVE;
				GCC_WARN_UNUSED_FUNCTION = YES;
				GCC_WARN_UNUSED_VARIABLE = YES;
				IPHONEOS_DEPLOYMENT_TARGET = 9.2;
				MTL_ENABLE_DEBUG_INFO = YES;
				ONLY_ACTIVE_ARCH = YES;
				SDKROOT = iphoneos;
				SWIFT_OPTIMIZATION_LEVEL = "-Onone";
			};
			name = Debug;
		};
		881047041C40647F00B0E955 /* Release */ = {
			isa = XCBuildConfiguration;
			buildSettings = {
				ALWAYS_SEARCH_USER_PATHS = NO;
				CLANG_CXX_LANGUAGE_STANDARD = "gnu++0x";
				CLANG_CXX_LIBRARY = "libc++";
				CLANG_ENABLE_MODULES = YES;
				CLANG_ENABLE_OBJC_ARC = YES;
				CLANG_WARN_BOOL_CONVERSION = YES;
				CLANG_WARN_CONSTANT_CONVERSION = YES;
				CLANG_WARN_DIRECT_OBJC_ISA_USAGE = YES_ERROR;
				CLANG_WARN_EMPTY_BODY = YES;
				CLANG_WARN_ENUM_CONVERSION = YES;
				CLANG_WARN_INT_CONVERSION = YES;
				CLANG_WARN_OBJC_ROOT_CLASS = YES_ERROR;
				CLANG_WARN_UNREACHABLE_CODE = YES;
				CLANG_WARN__DUPLICATE_METHOD_MATCH = YES;
				"CODE_SIGN_IDENTITY[sdk=iphoneos*]" = "iPhone Developer";
				COPY_PHASE_STRIP = NO;
				DEBUG_INFORMATION_FORMAT = "dwarf-with-dsym";
				ENABLE_NS_ASSERTIONS = NO;
				ENABLE_STRICT_OBJC_MSGSEND = YES;
				GCC_C_LANGUAGE_STANDARD = gnu99;
				GCC_NO_COMMON_BLOCKS = YES;
				GCC_WARN_64_TO_32_BIT_CONVERSION = YES;
				GCC_WARN_ABOUT_RETURN_TYPE = YES_ERROR;
				GCC_WARN_UNDECLARED_SELECTOR = YES;
				GCC_WARN_UNINITIALIZED_AUTOS = YES_AGGRESSIVE;
				GCC_WARN_UNUSED_FUNCTION = YES;
				GCC_WARN_UNUSED_VARIABLE = YES;
				IPHONEOS_DEPLOYMENT_TARGET = 9.2;
				MTL_ENABLE_DEBUG_INFO = NO;
				SDKROOT = iphoneos;
				VALIDATE_PRODUCT = YES;
			};
			name = Release;
		};
		881047061C40647F00B0E955 /* Debug */ = {
			isa = XCBuildConfiguration;
			buildSettings = {
				ASSETCATALOG_COMPILER_APPICON_NAME = AppIcon;
				INFOPLIST_FILE = "Beeline Shopping/Info.plist";
				LD_RUNPATH_SEARCH_PATHS = "$(inherited) @executable_path/Frameworks";
				PRODUCT_BUNDLE_IDENTIFIER = "com.beeline.Beeline-Shopping";
				PRODUCT_NAME = "$(TARGET_NAME)";
			};
			name = Debug;
		};
		881047071C40647F00B0E955 /* Release */ = {
			isa = XCBuildConfiguration;
			buildSettings = {
				ASSETCATALOG_COMPILER_APPICON_NAME = AppIcon;
				INFOPLIST_FILE = "Beeline Shopping/Info.plist";
				LD_RUNPATH_SEARCH_PATHS = "$(inherited) @executable_path/Frameworks";
				PRODUCT_BUNDLE_IDENTIFIER = "com.beeline.Beeline-Shopping";
				PRODUCT_NAME = "$(TARGET_NAME)";
			};
			name = Release;
		};
		881047091C40647F00B0E955 /* Debug */ = {
			isa = XCBuildConfiguration;
			buildSettings = {
				BUNDLE_LOADER = "$(TEST_HOST)";
				INFOPLIST_FILE = "Beeline ShoppingTests/Info.plist";
				LD_RUNPATH_SEARCH_PATHS = "$(inherited) @executable_path/Frameworks @loader_path/Frameworks";
				PRODUCT_BUNDLE_IDENTIFIER = "com.beeline.Beeline-ShoppingTests";
				PRODUCT_NAME = "$(TARGET_NAME)";
				TEST_HOST = "$(BUILT_PRODUCTS_DIR)/Beeline Shopping.app/Beeline Shopping";
			};
			name = Debug;
		};
		8810470A1C40647F00B0E955 /* Release */ = {
			isa = XCBuildConfiguration;
			buildSettings = {
				BUNDLE_LOADER = "$(TEST_HOST)";
				INFOPLIST_FILE = "Beeline ShoppingTests/Info.plist";
				LD_RUNPATH_SEARCH_PATHS = "$(inherited) @executable_path/Frameworks @loader_path/Frameworks";
				PRODUCT_BUNDLE_IDENTIFIER = "com.beeline.Beeline-ShoppingTests";
				PRODUCT_NAME = "$(TARGET_NAME)";
				TEST_HOST = "$(BUILT_PRODUCTS_DIR)/Beeline Shopping.app/Beeline Shopping";
			};
			name = Release;
		};
		8810470C1C40647F00B0E955 /* Debug */ = {
			isa = XCBuildConfiguration;
			buildSettings = {
				INFOPLIST_FILE = "Beeline ShoppingUITests/Info.plist";
				LD_RUNPATH_SEARCH_PATHS = "$(inherited) @executable_path/Frameworks @loader_path/Frameworks";
				PRODUCT_BUNDLE_IDENTIFIER = "com.beeline.Beeline-ShoppingUITests";
				PRODUCT_NAME = "$(TARGET_NAME)";
				TEST_TARGET_NAME = "Beeline Shopping";
				USES_XCTRUNNER = YES;
			};
			name = Debug;
		};
		8810470D1C40647F00B0E955 /* Release */ = {
			isa = XCBuildConfiguration;
			buildSettings = {
				INFOPLIST_FILE = "Beeline ShoppingUITests/Info.plist";
				LD_RUNPATH_SEARCH_PATHS = "$(inherited) @executable_path/Frameworks @loader_path/Frameworks";
				PRODUCT_BUNDLE_IDENTIFIER = "com.beeline.Beeline-ShoppingUITests";
				PRODUCT_NAME = "$(TARGET_NAME)";
				TEST_TARGET_NAME = "Beeline Shopping";
				USES_XCTRUNNER = YES;
			};
			name = Release;
		};
/* End XCBuildConfiguration section */

/* Begin XCConfigurationList section */
		881046D51C40647F00B0E955 /* Build configuration list for PBXProject "Beeline Shopping" */ = {
			isa = XCConfigurationList;
			buildConfigurations = (
				881047031C40647F00B0E955 /* Debug */,
				881047041C40647F00B0E955 /* Release */,
			);
			defaultConfigurationIsVisible = 0;
			defaultConfigurationName = Release;
		};
		881047051C40647F00B0E955 /* Build configuration list for PBXNativeTarget "Beeline Shopping" */ = {
			isa = XCConfigurationList;
			buildConfigurations = (
				881047061C40647F00B0E955 /* Debug */,
				881047071C40647F00B0E955 /* Release */,
			);
			defaultConfigurationIsVisible = 0;
		};
		881047081C40647F00B0E955 /* Build configuration list for PBXNativeTarget "Beeline ShoppingTests" */ = {
			isa = XCConfigurationList;
			buildConfigurations = (
				881047091C40647F00B0E955 /* Debug */,
				8810470A1C40647F00B0E955 /* Release */,
			);
			defaultConfigurationIsVisible = 0;
		};
		8810470B1C40647F00B0E955 /* Build configuration list for PBXNativeTarget "Beeline ShoppingUITests" */ = {
			isa = XCConfigurationList;
			buildConfigurations = (
				8810470C1C40647F00B0E955 /* Debug */,
				8810470D1C40647F00B0E955 /* Release */,
			);
			defaultConfigurationIsVisible = 0;
		};
/* End XCConfigurationList section */

/* Begin XCVersionGroup section */
		881046E41C40647F00B0E955 /* Beeline_Shopping.xcdatamodeld */ = {
			isa = XCVersionGroup;
			children = (
				881046E51C40647F00B0E955 /* Beeline_Shopping.xcdatamodel */,
			);
			currentVersion = 881046E51C40647F00B0E955 /* Beeline_Shopping.xcdatamodel */;
			path = Beeline_Shopping.xcdatamodeld;
			sourceTree = "<group>";
			versionGroupType = wrapper.xcdatamodel;
		};
/* End XCVersionGroup section */
	};
	rootObject = 881046D21C40647F00B0E955 /* Project object */;
}
